
Microsoft Visual Studio Solution File, Format Version 12.00
# Visual Studio Version 16
VisualStudioVersion = 16.0.33927.289
MinimumVisualStudioVersion = 10.0.40219.1
Project("{FAE04EC0-301F-11D3-BF4B-00C04F79EFBC}") = "PersonalSkills_EfCodeFirstProject", "PersonalSkills_EfCodeFirstProject\PersonalSkills_EfCodeFirstProject.csproj", "{74AC6A08-EF99-44E9-A587-F64410A2DDDF}"
EndProject
Global
	GlobalSection(SolutionConfigurationPlatforms) = preSolution
		Debug|Any CPU = Debug|Any CPU
		Release|Any CPU = Release|Any CPU
	EndGlobalSection
	GlobalSection(ProjectConfigurationPlatforms) = postSolution
		{74AC6A08-EF99-44E9-A587-F64410A2DDDF}.Debug|Any CPU.ActiveCfg = Debug|Any CPU
		{74AC6A08-EF99-44E9-A587-F64410A2DDDF}.Debug|Any CPU.Build.0 = Debug|Any CPU
		{74AC6A08-EF99-44E9-A587-F64410A2DDDF}.Release|Any CPU.ActiveCfg = Release|Any CPU
		{74AC6A08-EF99-44E9-A587-F64410A2DDDF}.Release|Any CPU.Build.0 = Release|Any CPU
	EndGlobalSection
	GlobalSection(SolutionProperties) = preSolution
		HideSolutionNode = FALSE
	EndGlobalSection
	GlobalSection(ExtensibilityGlobals) = postSolution
		SolutionGuid = {0ABC99DB-A7CE-4A23-9051-C23921A84AD7}
	EndGlobalSection
EndGlobal
